{
  "requires": true,
  "lockfileVersion": 1,
  "dependencies": {
    "phonegap-plugin-barcodescanner": {
      "version": "7.0.3",
      "resolved": "https://registry.npmjs.org/phonegap-plugin-barcodescanner/-/phonegap-plugin-barcodescanner-7.0.3.tgz",
      "integrity": "sha1-ks0xLzjxyqYqu/IRL+OxJj8402o="
    }
  }
}
